// !$*UTF8*$!
{
	archiveVersion = 1;
	classes = {
	};
	objectVersion = 50;
	objects = {

/* Begin PBXBuildFile section */
		721CD7192306EE140052334C /* PlacesSearchBar.swift in Sources */ = {isa = PBXBuildFile; fileRef = 721CD7182306EE130052334C /* PlacesSearchBar.swift */; };
		7283A9F522F8A06D00B37047 /* Place.swift in Sources */ = {isa = PBXBuildFile; fileRef = 7283A9F422F8A06D00B37047 /* Place.swift */; };
		7283A9F922F8AAF700B37047 /* PlacesClient.swift in Sources */ = {isa = PBXBuildFile; fileRef = 7283A9F822F8AAF700B37047 /* PlacesClient.swift */; };
		7283A9FB22F9A93400B37047 /* PlaceTableViewCell.swift in Sources */ = {isa = PBXBuildFile; fileRef = 7283A9FA22F9A93400B37047 /* PlaceTableViewCell.swift */; };
		72D5973222F870E20029CAD3 /* Alamofire.framework in Frameworks */ = {isa = PBXBuildFile; fileRef = 72D5972E22F870E20029CAD3 /* Alamofire.framework */; };
		72D5973322F870E20029CAD3 /* PromiseKit.framework in Frameworks */ = {isa = PBXBuildFile; fileRef = 72D5972F22F870E20029CAD3 /* PromiseKit.framework */; };
		72D5973422F870E20029CAD3 /* PMKAlamofire.framework in Frameworks */ = {isa = PBXBuildFile; fileRef = 72D5973022F870E20029CAD3 /* PMKAlamofire.framework */; };
		72D5973522F870E30029CAD3 /* Kingfisher.framework in Frameworks */ = {isa = PBXBuildFile; fileRef = 72D5973122F870E20029CAD3 /* Kingfisher.framework */; };
		72D5973D22F88F260029CAD3 /* WalletViewController.swift in Sources */ = {isa = PBXBuildFile; fileRef = 72D5973C22F88F260029CAD3 /* WalletViewController.swift */; };
		72D5973F22F88F3D0029CAD3 /* HistoryViewController.swift in Sources */ = {isa = PBXBuildFile; fileRef = 72D5973E22F88F3D0029CAD3 /* HistoryViewController.swift */; };
		72D5974122F88F560029CAD3 /* PayViewController.swift in Sources */ = {isa = PBXBuildFile; fileRef = 72D5974022F88F560029CAD3 /* PayViewController.swift */; };
		72D5974322F88F6D0029CAD3 /* WithdrawalsViewController.swift in Sources */ = {isa = PBXBuildFile; fileRef = 72D5974222F88F6D0029CAD3 /* WithdrawalsViewController.swift */; };
		72D5974522F88F7C0029CAD3 /* PlacesViewController.swift in Sources */ = {isa = PBXBuildFile; fileRef = 72D5974422F88F7C0029CAD3 /* PlacesViewController.swift */; };
		72FFF58522F8691800DA0FE0 /* AppDelegate.swift in Sources */ = {isa = PBXBuildFile; fileRef = 72FFF58422F8691800DA0FE0 /* AppDelegate.swift */; };
		72FFF58722F8691800DA0FE0 /* RootViewController.swift in Sources */ = {isa = PBXBuildFile; fileRef = 72FFF58622F8691800DA0FE0 /* RootViewController.swift */; };
		72FFF58C22F8691A00DA0FE0 /* Assets.xcassets in Resources */ = {isa = PBXBuildFile; fileRef = 72FFF58B22F8691A00DA0FE0 /* Assets.xcassets */; };
		72FFF58F22F8691A00DA0FE0 /* LaunchScreen.storyboard in Resources */ = {isa = PBXBuildFile; fileRef = 72FFF58D22F8691A00DA0FE0 /* LaunchScreen.storyboard */; };
		72FFF59A22F8691A00DA0FE0 /* CodeMoneyTests.swift in Sources */ = {isa = PBXBuildFile; fileRef = 72FFF59922F8691A00DA0FE0 /* CodeMoneyTests.swift */; };
/* End PBXBuildFile section */

/* Begin PBXContainerItemProxy section */
		72FFF59622F8691A00DA0FE0 /* PBXContainerItemProxy */ = {
			isa = PBXContainerItemProxy;
			containerPortal = 72FFF57922F8691800DA0FE0 /* Project object */;
			proxyType = 1;
			remoteGlobalIDString = 72FFF58022F8691800DA0FE0;
			remoteInfo = CodeMoney;
		};
/* End PBXContainerItemProxy section */

/* Begin PBXFileReference section */
		721CD7182306EE130052334C /* PlacesSearchBar.swift */ = {isa = PBXFileReference; lastKnownFileType = sourcecode.swift; path = PlacesSearchBar.swift; sourceTree = "<group>"; };
		7283A9F422F8A06D00B37047 /* Place.swift */ = {isa = PBXFileReference; lastKnownFileType = sourcecode.swift; path = Place.swift; sourceTree = "<group>"; };
		7283A9F822F8AAF700B37047 /* PlacesClient.swift */ = {isa = PBXFileReference; lastKnownFileType = sourcecode.swift; path = PlacesClient.swift; sourceTree = "<group>"; };
		7283A9FA22F9A93400B37047 /* PlaceTableViewCell.swift */ = {isa = PBXFileReference; lastKnownFileType = sourcecode.swift; path = PlaceTableViewCell.swift; sourceTree = "<group>"; };
		72D5972E22F870E20029CAD3 /* Alamofire.framework */ = {isa = PBXFileReference; lastKnownFileType = wrapper.framework; name = Alamofire.framework; path = Carthage/Build/iOS/Alamofire.framework; sourceTree = SOURCE_ROOT; };
		72D5972F22F870E20029CAD3 /* PromiseKit.framework */ = {isa = PBXFileReference; lastKnownFileType = wrapper.framework; name = PromiseKit.framework; path = Carthage/Build/iOS/PromiseKit.framework; sourceTree = SOURCE_ROOT; };
		72D5973022F870E20029CAD3 /* PMKAlamofire.framework */ = {isa = PBXFileReference; lastKnownFileType = wrapper.framework; name = PMKAlamofire.framework; path = Carthage/Build/iOS/PMKAlamofire.framework; sourceTree = SOURCE_ROOT; };
		72D5973122F870E20029CAD3 /* Kingfisher.framework */ = {isa = PBXFileReference; lastKnownFileType = wrapper.framework; name = Kingfisher.framework; path = Carthage/Build/iOS/Kingfisher.framework; sourceTree = SOURCE_ROOT; };
		72D5973C22F88F260029CAD3 /* WalletViewController.swift */ = {isa = PBXFileReference; lastKnownFileType = sourcecode.swift; path = WalletViewController.swift; sourceTree = "<group>"; };
		72D5973E22F88F3D0029CAD3 /* HistoryViewController.swift */ = {isa = PBXFileReference; lastKnownFileType = sourcecode.swift; path = HistoryViewController.swift; sourceTree = "<group>"; };
		72D5974022F88F560029CAD3 /* PayViewController.swift */ = {isa = PBXFileReference; lastKnownFileType = sourcecode.swift; path = PayViewController.swift; sourceTree = "<group>"; };
		72D5974222F88F6D0029CAD3 /* WithdrawalsViewController.swift */ = {isa = PBXFileReference; lastKnownFileType = sourcecode.swift; path = WithdrawalsViewController.swift; sourceTree = "<group>"; };
		72D5974422F88F7C0029CAD3 /* PlacesViewController.swift */ = {isa = PBXFileReference; lastKnownFileType = sourcecode.swift; path = PlacesViewController.swift; sourceTree = "<group>"; };
		72FFF58122F8691800DA0FE0 /* CodeMoney.app */ = {isa = PBXFileReference; explicitFileType = wrapper.application; includeInIndex = 0; path = CodeMoney.app; sourceTree = BUILT_PRODUCTS_DIR; };
		72FFF58422F8691800DA0FE0 /* AppDelegate.swift */ = {isa = PBXFileReference; lastKnownFileType = sourcecode.swift; path = AppDelegate.swift; sourceTree = "<group>"; };
		72FFF58622F8691800DA0FE0 /* RootViewController.swift */ = {isa = PBXFileReference; lastKnownFileType = sourcecode.swift; path = RootViewController.swift; sourceTree = "<group>"; };
		72FFF58B22F8691A00DA0FE0 /* Assets.xcassets */ = {isa = PBXFileReference; lastKnownFileType = folder.assetcatalog; path = Assets.xcassets; sourceTree = "<group>"; };
		72FFF58E22F8691A00DA0FE0 /* Base */ = {isa = PBXFileReference; lastKnownFileType = file.storyboard; name = Base; path = Base.lproj/LaunchScreen.storyboard; sourceTree = "<group>"; };
		72FFF59022F8691A00DA0FE0 /* Info.plist */ = {isa = PBXFileReference; lastKnownFileType = text.plist.xml; path = Info.plist; sourceTree = "<group>"; };
		72FFF59522F8691A00DA0FE0 /* CodeMoneyTests.xctest */ = {isa = PBXFileReference; explicitFileType = wrapper.cfbundle; includeInIndex = 0; path = CodeMoneyTests.xctest; sourceTree = BUILT_PRODUCTS_DIR; };
		72FFF59922F8691A00DA0FE0 /* CodeMoneyTests.swift */ = {isa = PBXFileReference; lastKnownFileType = sourcecode.swift; path = CodeMoneyTests.swift; sourceTree = "<group>"; };
		72FFF59B22F8691A00DA0FE0 /* Info.plist */ = {isa = PBXFileReference; lastKnownFileType = text.plist.xml; path = Info.plist; sourceTree = "<group>"; };
/* End PBXFileReference section */

/* Begin PBXFrameworksBuildPhase section */
		72FFF57E22F8691800DA0FE0 /* Frameworks */ = {
			isa = PBXFrameworksBuildPhase;
			buildActionMask = 2147483647;
			files = (
				72D5973222F870E20029CAD3 /* Alamofire.framework in Frameworks */,
				72D5973422F870E20029CAD3 /* PMKAlamofire.framework in Frameworks */,
				72D5973522F870E30029CAD3 /* Kingfisher.framework in Frameworks */,
				72D5973322F870E20029CAD3 /* PromiseKit.framework in Frameworks */,
			);
			runOnlyForDeploymentPostprocessing = 0;
		};
		72FFF59222F8691A00DA0FE0 /* Frameworks */ = {
			isa = PBXFrameworksBuildPhase;
			buildActionMask = 2147483647;
			files = (
			);
			runOnlyForDeploymentPostprocessing = 0;
		};
/* End PBXFrameworksBuildPhase section */

/* Begin PBXGroup section */
		7292CADA22F86DF800DB0DC6 /* Frameworks */ = {
			isa = PBXGroup;
			children = (
				72D5972E22F870E20029CAD3 /* Alamofire.framework */,
				72D5973122F870E20029CAD3 /* Kingfisher.framework */,
				72D5973022F870E20029CAD3 /* PMKAlamofire.framework */,
				72D5972F22F870E20029CAD3 /* PromiseKit.framework */,
			);
			path = Frameworks;
			sourceTree = "<group>";
		};
		72D5973622F88EDD0029CAD3 /* Wallet */ = {
			isa = PBXGroup;
			children = (
				72D5973C22F88F260029CAD3 /* WalletViewController.swift */,
			);
			path = Wallet;
			sourceTree = "<group>";
		};
		72D5973822F88EEA0029CAD3 /* History */ = {
			isa = PBXGroup;
			children = (
				72D5973E22F88F3D0029CAD3 /* HistoryViewController.swift */,
			);
			path = History;
			sourceTree = "<group>";
		};
		72D5973922F88EEE0029CAD3 /* Pay */ = {
			isa = PBXGroup;
			children = (
				72D5974022F88F560029CAD3 /* PayViewController.swift */,
			);
			path = Pay;
			sourceTree = "<group>";
		};
		72D5973A22F88EFE0029CAD3 /* Places */ = {
			isa = PBXGroup;
			children = (
				72D5974422F88F7C0029CAD3 /* PlacesViewController.swift */,
				7283A9F422F8A06D00B37047 /* Place.swift */,
				7283A9F822F8AAF700B37047 /* PlacesClient.swift */,
				7283A9FA22F9A93400B37047 /* PlaceTableViewCell.swift */,
				721CD7182306EE130052334C /* PlacesSearchBar.swift */,
			);
			path = Places;
			sourceTree = "<group>";
		};
		72D5973B22F88F080029CAD3 /* Withdrawals */ = {
			isa = PBXGroup;
			children = (
				72D5974222F88F6D0029CAD3 /* WithdrawalsViewController.swift */,
			);
			path = Withdrawals;
			sourceTree = "<group>";
		};
		72FFF57822F8691800DA0FE0 = {
			isa = PBXGroup;
			children = (
				7292CADA22F86DF800DB0DC6 /* Frameworks */,
				72FFF58322F8691800DA0FE0 /* CodeMoney */,
				72FFF59822F8691A00DA0FE0 /* CodeMoneyTests */,
				72FFF58222F8691800DA0FE0 /* Products */,
			);
			sourceTree = "<group>";
		};
		72FFF58222F8691800DA0FE0 /* Products */ = {
			isa = PBXGroup;
			children = (
				72FFF58122F8691800DA0FE0 /* CodeMoney.app */,
				72FFF59522F8691A00DA0FE0 /* CodeMoneyTests.xctest */,
			);
			name = Products;
			sourceTree = "<group>";
		};
		72FFF58322F8691800DA0FE0 /* CodeMoney */ = {
			isa = PBXGroup;
			children = (
				72D5973B22F88F080029CAD3 /* Withdrawals */,
				72D5973A22F88EFE0029CAD3 /* Places */,
				72D5973922F88EEE0029CAD3 /* Pay */,
				72D5973822F88EEA0029CAD3 /* History */,
				72D5973622F88EDD0029CAD3 /* Wallet */,
				72FFF58422F8691800DA0FE0 /* AppDelegate.swift */,
				72FFF58622F8691800DA0FE0 /* RootViewController.swift */,
				72FFF58B22F8691A00DA0FE0 /* Assets.xcassets */,
				72FFF58D22F8691A00DA0FE0 /* LaunchScreen.storyboard */,
				72FFF59022F8691A00DA0FE0 /* Info.plist */,
			);
			path = CodeMoney;
			sourceTree = "<group>";
		};
		72FFF59822F8691A00DA0FE0 /* CodeMoneyTests */ = {
			isa = PBXGroup;
			children = (
				72FFF59922F8691A00DA0FE0 /* CodeMoneyTests.swift */,
				72FFF59B22F8691A00DA0FE0 /* Info.plist */,
			);
			path = CodeMoneyTests;
			sourceTree = "<group>";
		};
/* End PBXGroup section */

/* Begin PBXNativeTarget section */
		72FFF58022F8691800DA0FE0 /* CodeMoney */ = {
			isa = PBXNativeTarget;
			buildConfigurationList = 72FFF59E22F8691A00DA0FE0 /* Build configuration list for PBXNativeTarget "CodeMoney" */;
			buildPhases = (
				72FFF57D22F8691800DA0FE0 /* Sources */,
				72FFF57E22F8691800DA0FE0 /* Frameworks */,
				72FFF57F22F8691800DA0FE0 /* Resources */,
				7292CAE322F86E8F00DB0DC6 /* ShellScript */,
			);
			buildRules = (
			);
			dependencies = (
			);
			name = CodeMoney;
			productName = CodeMoney;
			productReference = 72FFF58122F8691800DA0FE0 /* CodeMoney.app */;
			productType = "com.apple.product-type.application";
		};
		72FFF59422F8691A00DA0FE0 /* CodeMoneyTests */ = {
			isa = PBXNativeTarget;
			buildConfigurationList = 72FFF5A122F8691A00DA0FE0 /* Build configuration list for PBXNativeTarget "CodeMoneyTests" */;
			buildPhases = (
				72FFF59122F8691A00DA0FE0 /* Sources */,
				72FFF59222F8691A00DA0FE0 /* Frameworks */,
				72FFF59322F8691A00DA0FE0 /* Resources */,
			);
			buildRules = (
			);
			dependencies = (
				72FFF59722F8691A00DA0FE0 /* PBXTargetDependency */,
			);
			name = CodeMoneyTests;
			productName = CodeMoneyTests;
			productReference = 72FFF59522F8691A00DA0FE0 /* CodeMoneyTests.xctest */;
			productType = "com.apple.product-type.bundle.unit-test";
		};
/* End PBXNativeTarget section */

/* Begin PBXProject section */
		72FFF57922F8691800DA0FE0 /* Project object */ = {
			isa = PBXProject;
			attributes = {
				LastSwiftUpdateCheck = 1020;
				LastUpgradeCheck = 1020;
				ORGANIZATIONNAME = "Leonardo da Silva";
				TargetAttributes = {
					72FFF58022F8691800DA0FE0 = {
						CreatedOnToolsVersion = 10.2.1;
					};
					72FFF59422F8691A00DA0FE0 = {
						CreatedOnToolsVersion = 10.2.1;
						TestTargetID = 72FFF58022F8691800DA0FE0;
					};
				};
			};
			buildConfigurationList = 72FFF57C22F8691800DA0FE0 /* Build configuration list for PBXProject "CodeMoney" */;
			compatibilityVersion = "Xcode 9.3";
			developmentRegion = en;
			hasScannedForEncodings = 0;
			knownRegions = (
				en,
				Base,
			);
			mainGroup = 72FFF57822F8691800DA0FE0;
			productRefGroup = 72FFF58222F8691800DA0FE0 /* Products */;
			projectDirPath = "";
			projectRoot = "";
			targets = (
				72FFF58022F8691800DA0FE0 /* CodeMoney */,
				72FFF59422F8691A00DA0FE0 /* CodeMoneyTests */,
			);
		};
/* End PBXProject section */

/* Begin PBXResourcesBuildPhase section */
		72FFF57F22F8691800DA0FE0 /* Resources */ = {
			isa = PBXResourcesBuildPhase;
			buildActionMask = 2147483647;
			files = (
				72FFF58F22F8691A00DA0FE0 /* LaunchScreen.storyboard in Resources */,
				72FFF58C22F8691A00DA0FE0 /* Assets.xcassets in Resources */,
			);
			runOnlyForDeploymentPostprocessing = 0;
		};
		72FFF59322F8691A00DA0FE0 /* Resources */ = {
			isa = PBXResourcesBuildPhase;
			buildActionMask = 2147483647;
			files = (
			);
			runOnlyForDeploymentPostprocessing = 0;
		};
/* End PBXResourcesBuildPhase section */

/* Begin PBXShellScriptBuildPhase section */
		7292CAE322F86E8F00DB0DC6 /* ShellScript */ = {
			isa = PBXShellScriptBuildPhase;
			buildActionMask = 2147483647;
			files = (
			);
			inputFileListPaths = (
			);
			inputPaths = (
				"$(SRCROOT)/Carthage/Build/iOS/Alamofire.framework",
				"$(SRCROOT)/Carthage/Build/iOS/Kingfisher.framework",
				"$(SRCROOT)/Carthage/Build/iOS/PromiseKit.framework",
				"$(SRCROOT)/Carthage/Build/iOS/PMKAlamofire.framework",
			);
			outputFileListPaths = (
			);
			outputPaths = (
				"$(BUILT_PRODUCTS_DIR)/$(FRAMEWORKS_FOLDER_PATH)/Alamofire.framework",
				"$(BUILT_PRODUCTS_DIR)/$(FRAMEWORKS_FOLDER_PATH)/Kingfisher.framework",
				"$(BUILT_PRODUCTS_DIR)/$(FRAMEWORKS_FOLDER_PATH)/PromiseKit.framework",
				"$(BUILT_PRODUCTS_DIR)/$(FRAMEWORKS_FOLDER_PATH)/PMKAlamofire.framework",
			);
			runOnlyForDeploymentPostprocessing = 0;
			shellPath = /bin/sh;
			shellScript = "/usr/local/bin/carthage copy-frameworks\n";
		};
/* End PBXShellScriptBuildPhase section */

/* Begin PBXSourcesBuildPhase section */
		72FFF57D22F8691800DA0FE0 /* Sources */ = {
			isa = PBXSourcesBuildPhase;
			buildActionMask = 2147483647;
			files = (
				72FFF58722F8691800DA0FE0 /* RootViewController.swift in Sources */,
				72D5974522F88F7C0029CAD3 /* PlacesViewController.swift in Sources */,
				72D5974122F88F560029CAD3 /* PayViewController.swift in Sources */,
				7283A9F522F8A06D00B37047 /* Place.swift in Sources */,
				7283A9F922F8AAF700B37047 /* PlacesClient.swift in Sources */,
				72FFF58522F8691800DA0FE0 /* AppDelegate.swift in Sources */,
				72D5974322F88F6D0029CAD3 /* WithdrawalsViewController.swift in Sources */,
				72D5973D22F88F260029CAD3 /* WalletViewController.swift in Sources */,
				72D5973F22F88F3D0029CAD3 /* HistoryViewController.swift in Sources */,
				7283A9FB22F9A93400B37047 /* PlaceTableViewCell.swift in Sources */,
				721CD7192306EE140052334C /* PlacesSearchBar.swift in Sources */,
			);
			runOnlyForDeploymentPostprocessing = 0;
		};
		72FFF59122F8691A00DA0FE0 /* Sources */ = {
			isa = PBXSourcesBuildPhase;
			buildActionMask = 2147483647;
			files = (
				72FFF59A22F8691A00DA0FE0 /* CodeMoneyTests.swift in Sources */,
			);
			runOnlyForDeploymentPostprocessing = 0;
		};
/* End PBXSourcesBuildPhase section */

/* Begin PBXTargetDependency section */
		72FFF59722F8691A00DA0FE0 /* PBXTargetDependency */ = {
			isa = PBXTargetDependency;
			target = 72FFF58022F8691800DA0FE0 /* CodeMoney */;
			targetProxy = 72FFF59622F8691A00DA0FE0 /* PBXContainerItemProxy */;
		};
/* End PBXTargetDependency section */

/* Begin PBXVariantGroup section */
		72FFF58D22F8691A00DA0FE0 /* LaunchScreen.storyboard */ = {
			isa = PBXVariantGroup;
			children = (
				72FFF58E22F8691A00DA0FE0 /* Base */,
			);
			name = LaunchScreen.storyboard;
			sourceTree = "<group>";
		};
/* End PBXVariantGroup section */

/* Begin XCBuildConfiguration section */
		72FFF59C22F8691A00DA0FE0 /* Debug */ = {
			isa = XCBuildConfiguration;
			buildSettings = {
				ALWAYS_SEARCH_USER_PATHS = NO;
				CLANG_ANALYZER_NONNULL = YES;
				CLANG_ANALYZER_NUMBER_OBJECT_CONVERSION = YES_AGGRESSIVE;
				CLANG_CXX_LANGUAGE_STANDARD = "gnu++14";
				CLANG_CXX_LIBRARY = "libc++";
				CLANG_ENABLE_MODULES = YES;
				CLANG_ENABLE_OBJC_ARC = YES;
				CLANG_ENABLE_OBJC_WEAK = YES;
				CLANG_WARN_BLOCK_CAPTURE_AUTORELEASING = YES;
				CLANG_WARN_BOOL_CONVERSION = YES;
				CLANG_WARN_COMMA = YES;
				CLANG_WARN_CONSTANT_CONVERSION = YES;
				CLANG_WARN_DEPRECATED_OBJC_IMPLEMENTATIONS = YES;
				CLANG_WARN_DIRECT_OBJC_ISA_USAGE = YES_ERROR;
				CLANG_WARN_DOCUMENTATION_COMMENTS = YES;
				CLANG_WARN_EMPTY_BODY = YES;
				CLANG_WARN_ENUM_CONVERSION = YES;
				CLANG_WARN_INFINITE_RECURSION = YES;
				CLANG_WARN_INT_CONVERSION = YES;
				CLANG_WARN_NON_LITERAL_NULL_CONVERSION = YES;
				CLANG_WARN_OBJC_IMPLICIT_RETAIN_SELF = YES;
				CLANG_WARN_OBJC_LITERAL_CONVERSION = YES;
				CLANG_WARN_OBJC_ROOT_CLASS = YES_ERROR;
				CLANG_WARN_RANGE_LOOP_ANALYSIS = YES;
				CLANG_WARN_STRICT_PROTOTYPES = YES;
				CLANG_WARN_SUSPICIOUS_MOVE = YES;
				CLANG_WARN_UNGUARDED_AVAILABILITY = YES_AGGRESSIVE;
				CLANG_WARN_UNREACHABLE_CODE = YES;
				CLANG_WARN__DUPLICATE_METHOD_MATCH = YES;
				CODE_SIGN_IDENTITY = "iPhone Developer";
				COPY_PHASE_STRIP = NO;
				DEBUG_INFORMATION_FORMAT = dwarf;
				ENABLE_STRICT_OBJC_MSGSEND = YES;
				ENABLE_TESTABILITY = YES;
				GCC_C_LANGUAGE_STANDARD = gnu11;
				GCC_DYNAMIC_NO_PIC = NO;
				GCC_NO_COMMON_BLOCKS = YES;
				GCC_OPTIMIZATION_LEVEL = 0;
				GCC_PREPROCESSOR_DEFINITIONS = (
					"DEBUG=1",
					"$(inherited)",
				);
				GCC_WARN_64_TO_32_BIT_CONVERSION = YES;
				GCC_WARN_ABOUT_RETURN_TYPE = YES_ERROR;
				GCC_WARN_UNDECLARED_SELECTOR = YES;
				GCC_WARN_UNINITIALIZED_AUTOS = YES_AGGRESSIVE;
				GCC_WARN_UNUSED_FUNCTION = YES;
				GCC_WARN_UNUSED_VARIABLE = YES;
				IPHONEOS_DEPLOYMENT_TARGET = 12.2;
				MTL_ENABLE_DEBUG_INFO = INCLUDE_SOURCE;
				MTL_FAST_MATH = YES;
				ONLY_ACTIVE_ARCH = YES;
				SDKROOT = iphoneos;
				SWIFT_ACTIVE_COMPILATION_CONDITIONS = DEBUG;
				SWIFT_OPTIMIZATION_LEVEL = "-Onone";
			};
			name = Debug;
		};
		72FFF59D22F8691A00DA0FE0 /* Release */ = {
			isa = XCBuildConfiguration;
			buildSettings = {
				ALWAYS_SEARCH_USER_PATHS = NO;
				CLANG_ANALYZER_NONNULL = YES;
				CLANG_ANALYZER_NUMBER_OBJECT_CONVERSION = YES_AGGRESSIVE;
				CLANG_CXX_LANGUAGE_STANDARD = "gnu++14";
				CLANG_CXX_LIBRARY = "libc++";
				CLANG_ENABLE_MODULES = YES;
				CLANG_ENABLE_OBJC_ARC = YES;
				CLANG_ENABLE_OBJC_WEAK = YES;
				CLANG_WARN_BLOCK_CAPTURE_AUTORELEASING = YES;
				CLANG_WARN_BOOL_CONVERSION = YES;
				CLANG_WARN_COMMA = YES;
				CLANG_WARN_CONSTANT_CONVERSION = YES;
				CLANG_WARN_DEPRECATED_OBJC_IMPLEMENTATIONS = YES;
				CLANG_WARN_DIRECT_OBJC_ISA_USAGE = YES_ERROR;
				CLANG_WARN_DOCUMENTATION_COMMENTS = YES;
				CLANG_WARN_EMPTY_BODY = YES;
				CLANG_WARN_ENUM_CONVERSION = YES;
				CLANG_WARN_INFINITE_RECURSION = YES;
				CLANG_WARN_INT_CONVERSION = YES;
				CLANG_WARN_NON_LITERAL_NULL_CONVERSION = YES;
				CLANG_WARN_OBJC_IMPLICIT_RETAIN_SELF = YES;
				CLANG_WARN_OBJC_LITERAL_CONVERSION = YES;
				CLANG_WARN_OBJC_ROOT_CLASS = YES_ERROR;
				CLANG_WARN_RANGE_LOOP_ANALYSIS = YES;
				CLANG_WARN_STRICT_PROTOTYPES = YES;
				CLANG_WARN_SUSPICIOUS_MOVE = YES;
				CLANG_WARN_UNGUARDED_AVAILABILITY = YES_AGGRESSIVE;
				CLANG_WARN_UNREACHABLE_CODE = YES;
				CLANG_WARN__DUPLICATE_METHOD_MATCH = YES;
				CODE_SIGN_IDENTITY = "iPhone Developer";
				COPY_PHASE_STRIP = NO;
				DEBUG_INFORMATION_FORMAT = "dwarf-with-dsym";
				ENABLE_NS_ASSERTIONS = NO;
				ENABLE_STRICT_OBJC_MSGSEND = YES;
				GCC_C_LANGUAGE_STANDARD = gnu11;
				GCC_NO_COMMON_BLOCKS = YES;
				GCC_WARN_64_TO_32_BIT_CONVERSION = YES;
				GCC_WARN_ABOUT_RETURN_TYPE = YES_ERROR;
				GCC_WARN_UNDECLARED_SELECTOR = YES;
				GCC_WARN_UNINITIALIZED_AUTOS = YES_AGGRESSIVE;
				GCC_WARN_UNUSED_FUNCTION = YES;
				GCC_WARN_UNUSED_VARIABLE = YES;
				IPHONEOS_DEPLOYMENT_TARGET = 12.2;
				MTL_ENABLE_DEBUG_INFO = NO;
				MTL_FAST_MATH = YES;
				SDKROOT = iphoneos;
				SWIFT_COMPILATION_MODE = wholemodule;
				SWIFT_OPTIMIZATION_LEVEL = "-O";
				VALIDATE_PRODUCT = YES;
			};
			name = Release;
		};
		72FFF59F22F8691A00DA0FE0 /* Debug */ = {
			isa = XCBuildConfiguration;
			buildSettings = {
				ASSETCATALOG_COMPILER_APPICON_NAME = AppIcon;
				CODE_SIGN_STYLE = Automatic;
				DEVELOPMENT_TEAM = 6TQ42569MR;
				FRAMEWORK_SEARCH_PATHS = (
					"$(inherited)",
					"$(PROJECT_DIR)/Carthage/Build/iOS",
				);
				INFOPLIST_FILE = CodeMoney/Info.plist;
				LD_RUNPATH_SEARCH_PATHS = (
					"$(inherited)",
					"@executable_path/Frameworks",
				);
				PRODUCT_BUNDLE_IDENTIFIER = com.lslv1243.CodeMoney;
				PRODUCT_NAME = "$(TARGET_NAME)";
				SWIFT_VERSION = 5.0;
				TARGETED_DEVICE_FAMILY = 1;
			};
			name = Debug;
		};
		72FFF5A022F8691A00DA0FE0 /* Release */ = {
			isa = XCBuildConfiguration;
			buildSettings = {
				ASSETCATALOG_COMPILER_APPICON_NAME = AppIcon;
				CODE_SIGN_STYLE = Automatic;
				DEVELOPMENT_TEAM = 6TQ42569MR;
				FRAMEWORK_SEARCH_PATHS = (
					"$(inherited)",
					"$(PROJECT_DIR)/Carthage/Build/iOS",
				);
				INFOPLIST_FILE = CodeMoney/Info.plist;
				LD_RUNPATH_SEARCH_PATHS = (
					"$(inherited)",
					"@executable_path/Frameworks",
				);
				PRODUCT_BUNDLE_IDENTIFIER = com.lslv1243.CodeMoney;
				PRODUCT_NAME = "$(TARGET_NAME)";
				SWIFT_VERSION = 5.0;
				TARGETED_DEVICE_FAMILY = 1;
			};
			name = Release;
		};
		72FFF5A222F8691A00DA0FE0 /* Debug */ = {
			isa = XCBuildConfiguration;
			buildSettings = {
				ALWAYS_EMBED_SWIFT_STANDARD_LIBRARIES = YES;
				BUNDLE_LOADER = "$(TEST_HOST)";
				CODE_SIGN_STYLE = Automatic;
				DEVELOPMENT_TEAM = 6TQ42569MR;
				INFOPLIST_FILE = CodeMoneyTests/Info.plist;
				LD_RUNPATH_SEARCH_PATHS = (
					"$(inherited)",
					"@executable_path/Frameworks",
					"@loader_path/Frameworks",
				);
				PRODUCT_BUNDLE_IDENTIFIER = com.lslv1243.CodeMoneyTests;
				PRODUCT_NAME = "$(TARGET_NAME)";
				SWIFT_VERSION = 5.0;
				TARGETED_DEVICE_FAMILY = "1,2";
				TEST_HOST = "$(BUILT_PRODUCTS_DIR)/CodeMoney.app/CodeMoney";
			};
			name = Debug;
		};
		72FFF5A322F8691A00DA0FE0 /* Release */ = {
			isa = XCBuildConfiguration;
			buildSettings = {
				ALWAYS_EMBED_SWIFT_STANDARD_LIBRARIES = YES;
				BUNDLE_LOADER = "$(TEST_HOST)";
				CODE_SIGN_STYLE = Automatic;
				DEVELOPMENT_TEAM = 6TQ42569MR;
				INFOPLIST_FILE = CodeMoneyTests/Info.plist;
				LD_RUNPATH_SEARCH_PATHS = (
					"$(inherited)",
					"@executable_path/Frameworks",
					"@loader_path/Frameworks",
				);
				PRODUCT_BUNDLE_IDENTIFIER = com.lslv1243.CodeMoneyTests;
				PRODUCT_NAME = "$(TARGET_NAME)";
				SWIFT_VERSION = 5.0;
				TARGETED_DEVICE_FAMILY = "1,2";
				TEST_HOST = "$(BUILT_PRODUCTS_DIR)/CodeMoney.app/CodeMoney";
			};
			name = Release;
		};
/* End XCBuildConfiguration section */

/* Begin XCConfigurationList section */
		72FFF57C22F8691800DA0FE0 /* Build configuration list for PBXProject "CodeMoney" */ = {
			isa = XCConfigurationList;
			buildConfigurations = (
				72FFF59C22F8691A00DA0FE0 /* Debug */,
				72FFF59D22F8691A00DA0FE0 /* Release */,
			);
			defaultConfigurationIsVisible = 0;
			defaultConfigurationName = Release;
		};
		72FFF59E22F8691A00DA0FE0 /* Build configuration list for PBXNativeTarget "CodeMoney" */ = {
			isa = XCConfigurationList;
			buildConfigurations = (
				72FFF59F22F8691A00DA0FE0 /* Debug */,
				72FFF5A022F8691A00DA0FE0 /* Release */,
			);
			defaultConfigurationIsVisible = 0;
			defaultConfigurationName = Release;
		};
		72FFF5A122F8691A00DA0FE0 /* Build configuration list for PBXNativeTarget "CodeMoneyTests" */ = {
			isa = XCConfigurationList;
			buildConfigurations = (
				72FFF5A222F8691A00DA0FE0 /* Debug */,
				72FFF5A322F8691A00DA0FE0 /* Release */,
			);
			defaultConfigurationIsVisible = 0;
			defaultConfigurationName = Release;
		};
/* End XCConfigurationList section */
	};
	rootObject = 72FFF57922F8691800DA0FE0 /* Project object */;
}
